// !$*UTF8*$!
{
	archiveVersion = 1;
	classes = {
	};
	objectVersion = 56;
	objects = {

/* Begin PBXBuildFile section */
		212D59542B9B53CD00C519C5 /* DetailViewController.swift in Sources */ = {isa = PBXBuildFile; fileRef = 212D59532B9B53CD00C519C5 /* DetailViewController.swift */; };
		21D0508A2B765D8F0059600A /* AppDelegate.swift in Sources */ = {isa = PBXBuildFile; fileRef = 21D050892B765D8F0059600A /* AppDelegate.swift */; };
		21D0508C2B765D8F0059600A /* SceneDelegate.swift in Sources */ = {isa = PBXBuildFile; fileRef = 21D0508B2B765D8F0059600A /* SceneDelegate.swift */; };
		21D0508E2B765D8F0059600A /* ViewController.swift in Sources */ = {isa = PBXBuildFile; fileRef = 21D0508D2B765D8F0059600A /* ViewController.swift */; };
		21D050912B765D8F0059600A /* Main.storyboard in Resources */ = {isa = PBXBuildFile; fileRef = 21D0508F2B765D8F0059600A /* Main.storyboard */; };
		21D050932B765D900059600A /* Assets.xcassets in Resources */ = {isa = PBXBuildFile; fileRef = 21D050922B765D900059600A /* Assets.xcassets */; };
		21D050962B765D900059600A /* LaunchScreen.storyboard in Resources */ = {isa = PBXBuildFile; fileRef = 21D050942B765D900059600A /* LaunchScreen.storyboard */; };
		21D0509E2B76603C0059600A /* Contact.swift in Sources */ = {isa = PBXBuildFile; fileRef = 21D0509D2B76603C0059600A /* Contact.swift */; };
		21DA91562B7F9C7100A0F3CA /* contactTableViewCell.swift in Sources */ = {isa = PBXBuildFile; fileRef = 21DA91552B7F9C7100A0F3CA /* contactTableViewCell.swift */; };
		21DA91582B7FA45100A0F3CA /* GreenViewController.swift in Sources */ = {isa = PBXBuildFile; fileRef = 21DA91572B7FA45100A0F3CA /* GreenViewController.swift */; };
		21DA915A2B7FAAC800A0F3CA /* RedViewController.swift in Sources */ = {isa = PBXBuildFile; fileRef = 21DA91592B7FAAC800A0F3CA /* RedViewController.swift */; };
/* End PBXBuildFile section */

/* Begin PBXFileReference section */
		212D59532B9B53CD00C519C5 /* DetailViewController.swift */ = {isa = PBXFileReference; lastKnownFileType = sourcecode.swift; path = DetailViewController.swift; sourceTree = "<group>"; };
		21D050862B765D8F0059600A /* Week5.app */ = {isa = PBXFileReference; explicitFileType = wrapper.application; includeInIndex = 0; path = Week5.app; sourceTree = BUILT_PRODUCTS_DIR; };
		21D050892B765D8F0059600A /* AppDelegate.swift */ = {isa = PBXFileReference; lastKnownFileType = sourcecode.swift; path = AppDelegate.swift; sourceTree = "<group>"; };
		21D0508B2B765D8F0059600A /* SceneDelegate.swift */ = {isa = PBXFileReference; lastKnownFileType = sourcecode.swift; path = SceneDelegate.swift; sourceTree = "<group>"; };
		21D0508D2B765D8F0059600A /* ViewController.swift */ = {isa = PBXFileReference; lastKnownFileType = sourcecode.swift; path = ViewController.swift; sourceTree = "<group>"; };
		21D050902B765D8F0059600A /* Base */ = {isa = PBXFileReference; lastKnownFileType = file.storyboard; name = Base; path = Base.lproj/Main.storyboard; sourceTree = "<group>"; };
		21D050922B765D900059600A /* Assets.xcassets */ = {isa = PBXFileReference; lastKnownFileType = folder.assetcatalog; path = Assets.xcassets; sourceTree = "<group>"; };
		21D050952B765D900059600A /* Base */ = {isa = PBXFileReference; lastKnownFileType = file.storyboard; name = Base; path = Base.lproj/LaunchScreen.storyboard; sourceTree = "<group>"; };
		21D050972B765D900059600A /* Info.plist */ = {isa = PBXFileReference; lastKnownFileType = text.plist.xml; path = Info.plist; sourceTree = "<group>"; };
		21D0509D2B76603C0059600A /* Contact.swift */ = {isa = PBXFileReference; lastKnownFileType = sourcecode.swift; path = Contact.swift; sourceTree = "<group>"; };
		21DA91552B7F9C7100A0F3CA /* contactTableViewCell.swift */ = {isa = PBXFileReference; lastKnownFileType = sourcecode.swift; path = contactTableViewCell.swift; sourceTree = "<group>"; };
		21DA91572B7FA45100A0F3CA /* GreenViewController.swift */ = {isa = PBXFileReference; lastKnownFileType = sourcecode.swift; path = GreenViewController.swift; sourceTree = "<group>"; };
		21DA91592B7FAAC800A0F3CA /* RedViewController.swift */ = {isa = PBXFileReference; lastKnownFileType = sourcecode.swift; path = RedViewController.swift; sourceTree = "<group>"; };
/* End PBXFileReference section */

/* Begin PBXFrameworksBuildPhase section */
		21D050832B765D8F0059600A /* Frameworks */ = {
			isa = PBXFrameworksBuildPhase;
			buildActionMask = 2147483647;
			files = (
			);
			runOnlyForDeploymentPostprocessing = 0;
		};
/* End PBXFrameworksBuildPhase section */

/* Begin PBXGroup section */
		21D0507D2B765D8F0059600A = {
			isa = PBXGroup;
			children = (
				21D050882B765D8F0059600A /* Week5 */,
				21D050872B765D8F0059600A /* Products */,
			);
			sourceTree = "<group>";
		};
		21D050872B765D8F0059600A /* Products */ = {
			isa = PBXGroup;
			children = (
				21D050862B765D8F0059600A /* Week5.app */,
			);
			name = Products;
			sourceTree = "<group>";
		};
		21D050882B765D8F0059600A /* Week5 */ = {
			isa = PBXGroup;
			children = (
				21D050892B765D8F0059600A /* AppDelegate.swift */,
				21D0508B2B765D8F0059600A /* SceneDelegate.swift */,
				21D0508D2B765D8F0059600A /* ViewController.swift */,
				21D0508F2B765D8F0059600A /* Main.storyboard */,
				21D050922B765D900059600A /* Assets.xcassets */,
				21D050942B765D900059600A /* LaunchScreen.storyboard */,
				21D050972B765D900059600A /* Info.plist */,
				21D0509D2B76603C0059600A /* Contact.swift */,
				21DA91552B7F9C7100A0F3CA /* contactTableViewCell.swift */,
				21DA91572B7FA45100A0F3CA /* GreenViewController.swift */,
				21DA91592B7FAAC800A0F3CA /* RedViewController.swift */,
				212D59532B9B53CD00C519C5 /* DetailViewController.swift */,
			);
			path = Week5;
			sourceTree = "<group>";
		};
/* End PBXGroup section */

/* Begin PBXNativeTarget section */
		21D050852B765D8F0059600A /* Week5 */ = {
			isa = PBXNativeTarget;
			buildConfigurationList = 21D0509A2B765D900059600A /* Build configuration list for PBXNativeTarget "Week5" */;
			buildPhases = (
				21D050822B765D8F0059600A /* Sources */,
				21D050832B765D8F0059600A /* Frameworks */,
				21D050842B765D8F0059600A /* Resources */,
			);
			buildRules = (
			);
			dependencies = (
			);
			name = Week5;
			productName = Week5;
			productReference = 21D050862B765D8F0059600A /* Week5.app */;
			productType = "com.apple.product-type.application";
		};
/* End PBXNativeTarget section */

/* Begin PBXProject section */
		21D0507E2B765D8F0059600A /* Project object */ = {
			isa = PBXProject;
			attributes = {
				BuildIndependentTargetsInParallel = 1;
				LastSwiftUpdateCheck = 1520;
				LastUpgradeCheck = 1520;
				TargetAttributes = {
					21D050852B765D8F0059600A = {
						CreatedOnToolsVersion = 15.2;
					};
				};
			};
			buildConfigurationList = 21D050812B765D8F0059600A /* Build configuration list for PBXProject "Week5" */;
			compatibilityVersion = "Xcode 14.0";
			developmentRegion = en;
			hasScannedForEncodings = 0;
			knownRegions = (
				en,
				Base,
			);
			mainGroup = 21D0507D2B765D8F0059600A;
			productRefGroup = 21D050872B765D8F0059600A /* Products */;
			projectDirPath = "";
			projectRoot = "";
			targets = (
				21D050852B765D8F0059600A /* Week5 */,
			);
		};
/* End PBXProject section */

/* Begin PBXResourcesBuildPhase section */
		21D050842B765D8F0059600A /* Resources */ = {
			isa = PBXResourcesBuildPhase;
			buildActionMask = 2147483647;
			files = (
				21D050962B765D900059600A /* LaunchScreen.storyboard in Resources */,
				21D050932B765D900059600A /* Assets.xcassets in Resources */,
				21D050912B765D8F0059600A /* Main.storyboard in Resources */,
			);
			runOnlyForDeploymentPostprocessing = 0;
		};
/* End PBXResourcesBuildPhase section */

/* Begin PBXSourcesBuildPhase section */
		21D050822B765D8F0059600A /* Sources */ = {
			isa = PBXSourcesBuildPhase;
			buildActionMask = 2147483647;
			files = (
				21DA915A2B7FAAC800A0F3CA /* RedViewController.swift in Sources */,
				21DA91582B7FA45100A0F3CA /* GreenViewController.swift in Sources */,
				21D0509E2B76603C0059600A /* Contact.swift in Sources */,
				21DA91562B7F9C7100A0F3CA /* contactTableViewCell.swift in Sources */,
				21D0508E2B765D8F0059600A /* ViewController.swift in Sources */,
				21D0508A2B765D8F0059600A /* AppDelegate.swift in Sources */,
				21D0508C2B765D8F0059600A /* SceneDelegate.swift in Sources */,
				212D59542B9B53CD00C519C5 /* DetailViewController.swift in Sources */,
			);
			runOnlyForDeploymentPostprocessing = 0;
		};
/* End PBXSourcesBuildPhase section */

/* Begin PBXVariantGroup section */
		21D0508F2B765D8F0059600A /* Main.storyboard */ = {
			isa = PBXVariantGroup;
			children = (
				21D050902B765D8F0059600A /* Base */,
			);
			name = Main.storyboard;
			sourceTree = "<group>";
		};
		21D050942B765D900059600A /* LaunchScreen.storyboard */ = {
			isa = PBXVariantGroup;
			children = (
				21D050952B765D900059600A /* Base */,
			);
			name = LaunchScreen.storyboard;
			sourceTree = "<group>";
		};
/* End PBXVariantGroup section */

/* Begin XCBuildConfiguration section */
		21D050982B765D900059600A /* Debug */ = {
			isa = XCBuildConfiguration;
			buildSettings = {
				ALWAYS_SEARCH_USER_PATHS = NO;
				ASSETCATALOG_COMPILER_GENERATE_SWIFT_ASSET_SYMBOL_EXTENSIONS = YES;
				CLANG_ANALYZER_NONNULL = YES;
				CLANG_ANALYZER_NUMBER_OBJECT_CONVERSION = YES_AGGRESSIVE;
				CLANG_CXX_LANGUAGE_STANDARD = "gnu++20";
				CLANG_ENABLE_MODULES = YES;
				CLANG_ENABLE_OBJC_ARC = YES;
				CLANG_ENABLE_OBJC_WEAK = YES;
				CLANG_WARN_BLOCK_CAPTURE_AUTORELEASING = YES;
				CLANG_WARN_BOOL_CONVERSION = YES;
				CLANG_WARN_COMMA = YES;
				CLANG_WARN_CONSTANT_CONVERSION = YES;
				CLANG_WARN_DEPRECATED_OBJC_IMPLEMENTATIONS = YES;
				CLANG_WARN_DIRECT_OBJC_ISA_USAGE = YES_ERROR;
				CLANG_WARN_DOCUMENTATION_COMMENTS = YES;
				CLANG_WARN_EMPTY_BODY = YES;
				CLANG_WARN_ENUM_CONVERSION = YES;
				CLANG_WARN_INFINITE_RECURSION = YES;
				CLANG_WARN_INT_CONVERSION = YES;
				CLANG_WARN_NON_LITERAL_NULL_CONVERSION = YES;
				CLANG_WARN_OBJC_IMPLICIT_RETAIN_SELF = YES;
				CLANG_WARN_OBJC_LITERAL_CONVERSION = YES;
				CLANG_WARN_OBJC_ROOT_CLASS = YES_ERROR;
				CLANG_WARN_QUOTED_INCLUDE_IN_FRAMEWORK_HEADER = YES;
				CLANG_WARN_RANGE_LOOP_ANALYSIS = YES;
				CLANG_WARN_STRICT_PROTOTYPES = YES;
				CLANG_WARN_SUSPICIOUS_MOVE = YES;
				CLANG_WARN_UNGUARDED_AVAILABILITY = YES_AGGRESSIVE;
				CLANG_WARN_UNREACHABLE_CODE = YES;
				CLANG_WARN__DUPLICATE_METHOD_MATCH = YES;
				COPY_PHASE_STRIP = NO;
				DEBUG_INFORMATION_FORMAT = dwarf;
				ENABLE_STRICT_OBJC_MSGSEND = YES;
				ENABLE_TESTABILITY = YES;
				ENABLE_USER_SCRIPT_SANDBOXING = YES;
				GCC_C_LANGUAGE_STANDARD = gnu17;
				GCC_DYNAMIC_NO_PIC = NO;
				GCC_NO_COMMON_BLOCKS = YES;
				GCC_OPTIMIZATION_LEVEL = 0;
				GCC_PREPROCESSOR_DEFINITIONS = (
					"DEBUG=1",
					"$(inherited)",
				);
				GCC_WARN_64_TO_32_BIT_CONVERSION = YES;
				GCC_WARN_ABOUT_RETURN_TYPE = YES_ERROR;
				GCC_WARN_UNDECLARED_SELECTOR = YES;
				GCC_WARN_UNINITIALIZED_AUTOS = YES_AGGRESSIVE;
				GCC_WARN_UNUSED_FUNCTION = YES;
				GCC_WARN_UNUSED_VARIABLE = YES;
				IPHONEOS_DEPLOYMENT_TARGET = 17.2;
				LOCALIZATION_PREFERS_STRING_CATALOGS = YES;
				MTL_ENABLE_DEBUG_INFO = INCLUDE_SOURCE;
				MTL_FAST_MATH = YES;
				ONLY_ACTIVE_ARCH = YES;
				SDKROOT = iphoneos;
				SWIFT_ACTIVE_COMPILATION_CONDITIONS = "DEBUG $(inherited)";
				SWIFT_OPTIMIZATION_LEVEL = "-Onone";
			};
			name = Debug;
		};
		21D050992B765D900059600A /* Release */ = {
			isa = XCBuildConfiguration;
			buildSettings = {
				ALWAYS_SEARCH_USER_PATHS = NO;
				ASSETCATALOG_COMPILER_GENERATE_SWIFT_ASSET_SYMBOL_EXTENSIONS = YES;
				CLANG_ANALYZER_NONNULL = YES;
				CLANG_ANALYZER_NUMBER_OBJECT_CONVERSION = YES_AGGRESSIVE;
				CLANG_CXX_LANGUAGE_STANDARD = "gnu++20";
				CLANG_ENABLE_MODULES = YES;
				CLANG_ENABLE_OBJC_ARC = YES;
				CLANG_ENABLE_OBJC_WEAK = YES;
				CLANG_WARN_BLOCK_CAPTURE_AUTORELEASING = YES;
				CLANG_WARN_BOOL_CONVERSION = YES;
				CLANG_WARN_COMMA = YES;
				CLANG_WARN_CONSTANT_CONVERSION = YES;
				CLANG_WARN_DEPRECATED_OBJC_IMPLEMENTATIONS = YES;
				CLANG_WARN_DIRECT_OBJC_ISA_USAGE = YES_ERROR;
				CLANG_WARN_DOCUMENTATION_COMMENTS = YES;
				CLANG_WARN_EMPTY_BODY = YES;
				CLANG_WARN_ENUM_CONVERSION = YES;
				CLANG_WARN_INFINITE_RECURSION = YES;
				CLANG_WARN_INT_CONVERSION = YES;
				CLANG_WARN_NON_LITERAL_NULL_CONVERSION = YES;
				CLANG_WARN_OBJC_IMPLICIT_RETAIN_SELF = YES;
				CLANG_WARN_OBJC_LITERAL_CONVERSION = YES;
				CLANG_WARN_OBJC_ROOT_CLASS = YES_ERROR;
				CLANG_WARN_QUOTED_INCLUDE_IN_FRAMEWORK_HEADER = YES;
				CLANG_WARN_RANGE_LOOP_ANALYSIS = YES;
				CLANG_WARN_STRICT_PROTOTYPES = YES;
				CLANG_WARN_SUSPICIOUS_MOVE = YES;
				CLANG_WARN_UNGUARDED_AVAILABILITY = YES_AGGRESSIVE;
				CLANG_WARN_UNREACHABLE_CODE = YES;
				CLANG_WARN__DUPLICATE_METHOD_MATCH = YES;
				COPY_PHASE_STRIP = NO;
				DEBUG_INFORMATION_FORMAT = "dwarf-with-dsym";
				ENABLE_NS_ASSERTIONS = NO;
				ENABLE_STRICT_OBJC_MSGSEND = YES;
				ENABLE_USER_SCRIPT_SANDBOXING = YES;
				GCC_C_LANGUAGE_STANDARD = gnu17;
				GCC_NO_COMMON_BLOCKS = YES;
				GCC_WARN_64_TO_32_BIT_CONVERSION = YES;
				GCC_WARN_ABOUT_RETURN_TYPE = YES_ERROR;
				GCC_WARN_UNDECLARED_SELECTOR = YES;
				GCC_WARN_UNINITIALIZED_AUTOS = YES_AGGRESSIVE;
				GCC_WARN_UNUSED_FUNCTION = YES;
				GCC_WARN_UNUSED_VARIABLE = YES;
				IPHONEOS_DEPLOYMENT_TARGET = 17.2;
				LOCALIZATION_PREFERS_STRING_CATALOGS = YES;
				MTL_ENABLE_DEBUG_INFO = NO;
				MTL_FAST_MATH = YES;
				SDKROOT = iphoneos;
				SWIFT_COMPILATION_MODE = wholemodule;
				VALIDATE_PRODUCT = YES;
			};
			name = Release;
		};
		21D0509B2B765D900059600A /* Debug */ = {
			isa = XCBuildConfiguration;
			buildSettings = {
				ASSETCATALOG_COMPILER_APPICON_NAME = AppIcon;
				ASSETCATALOG_COMPILER_GLOBAL_ACCENT_COLOR_NAME = AccentColor;
				CODE_SIGN_IDENTITY = "Apple Development";
				CODE_SIGN_STYLE = Automatic;
				CURRENT_PROJECT_VERSION = 1;
				DEVELOPMENT_TEAM = S92YL3K843;
				GENERATE_INFOPLIST_FILE = YES;
				INFOPLIST_FILE = Week5/Info.plist;
				INFOPLIST_KEY_UIApplicationSupportsIndirectInputEvents = YES;
				INFOPLIST_KEY_UILaunchStoryboardName = LaunchScreen;
				INFOPLIST_KEY_UIMainStoryboardFile = Main;
				INFOPLIST_KEY_UISupportedInterfaceOrientations_iPad = "UIInterfaceOrientationPortrait UIInterfaceOrientationPortraitUpsideDown UIInterfaceOrientationLandscapeLeft UIInterfaceOrientationLandscapeRight";
				INFOPLIST_KEY_UISupportedInterfaceOrientations_iPhone = "UIInterfaceOrientationPortrait UIInterfaceOrientationLandscapeLeft UIInterfaceOrientationLandscapeRight";
				IPHONEOS_DEPLOYMENT_TARGET = 16.0;
				LD_RUNPATH_SEARCH_PATHS = (
					"$(inherited)",
					"@executable_path/Frameworks",
				);
				MARKETING_VERSION = 1.0;
				PRODUCT_BUNDLE_IDENTIFIER = ca.humber.Week5;
				PRODUCT_NAME = "$(TARGET_NAME)";
				PROVISIONING_PROFILE_SPECIFIER = "";
				SWIFT_EMIT_LOC_STRINGS = YES;
				SWIFT_VERSION = 5.0;
				TARGETED_DEVICE_FAMILY = "1,2";
			};
			name = Debug;
		};
		21D0509C2B765D900059600A /* Release */ = {
			isa = XCBuildConfiguration;
			buildSettings = {
				ASSETCATALOG_COMPILER_APPICON_NAME = AppIcon;
				ASSETCATALOG_COMPILER_GLOBAL_ACCENT_COLOR_NAME = AccentColor;
				CODE_SIGN_IDENTITY = "Apple Development";
				CODE_SIGN_STYLE = Manual;
				CURRENT_PROJECT_VERSION = 1;
				DEVELOPMENT_TEAM = "";
				GENERATE_INFOPLIST_FILE = YES;
				INFOPLIST_FILE = Week5/Info.plist;
				INFOPLIST_KEY_UIApplicationSupportsIndirectInputEvents = YES;
				INFOPLIST_KEY_UILaunchStoryboardName = LaunchScreen;
				INFOPLIST_KEY_UIMainStoryboardFile = Main;
				INFOPLIST_KEY_UISupportedInterfaceOrientations_iPad = "UIInterfaceOrientationPortrait UIInterfaceOrientationPortraitUpsideDown UIInterfaceOrientationLandscapeLeft UIInterfaceOrientationLandscapeRight";
				INFOPLIST_KEY_UISupportedInterfaceOrientations_iPhone = "UIInterfaceOrientationPortrait UIInterfaceOrientationLandscapeLeft UIInterfaceOrientationLandscapeRight";
				IPHONEOS_DEPLOYMENT_TARGET = 16.0;
				LD_RUNPATH_SEARCH_PATHS = (
					"$(inherited)",
					"@executable_path/Frameworks",
				);
				MARKETING_VERSION = 1.0;
				PRODUCT_BUNDLE_IDENTIFIER = ca.humber.Week5;
				PRODUCT_NAME = "$(TARGET_NAME)";
				PROVISIONING_PROFILE_SPECIFIER = "";
				SWIFT_EMIT_LOC_STRINGS = YES;
				SWIFT_VERSION = 5.0;
				TARGETED_DEVICE_FAMILY = "1,2";
			};
			name = Release;
		};
/* End XCBuildConfiguration section */

/* Begin XCConfigurationList section */
		21D050812B765D8F0059600A /* Build configuration list for PBXProject "Week5" */ = {
			isa = XCConfigurationList;
			buildConfigurations = (
				21D050982B765D900059600A /* Debug */,
				21D050992B765D900059600A /* Release */,
			);
			defaultConfigurationIsVisible = 0;
			defaultConfigurationName = Debug;
		};
		21D0509A2B765D900059600A /* Build configuration list for PBXNativeTarget "Week5" */ = {
			isa = XCConfigurationList;
			buildConfigurations = (
				21D0509B2B765D900059600A /* Debug */,
				21D0509C2B765D900059600A /* Release */,
			);
			defaultConfigurationIsVisible = 0;
			defaultConfigurationName = Debug;
		};
/* End XCConfigurationList section */
	};
	rootObject = 21D0507E2B765D8F0059600A /* Project object */;
}
